
Microsoft Visual Studio Solution File, Format Version 12.00
# Visual Studio 15
VisualStudioVersion = 15.0.28307.572
MinimumVisualStudioVersion = 10.0.40219.1
Project("{FAE04EC0-301F-11D3-BF4B-00C04F79EFBC}") = "Calculater", "Calculater\Calculater.csproj", "{3F89E885-798F-4E07-9E40-12488EA7187E}"
EndProject
Global
	GlobalSection(SolutionConfigurationPlatforms) = preSolution
		Debug|Any CPU = Debug|Any CPU
		Release|Any CPU = Release|Any CPU
	EndGlobalSection
	GlobalSection(ProjectConfigurationPlatforms) = postSolution
		{3F89E885-798F-4E07-9E40-12488EA7187E}.Debug|Any CPU.ActiveCfg = Debug|Any CPU
		{3F89E885-798F-4E07-9E40-12488EA7187E}.Debug|Any CPU.Build.0 = Debug|Any CPU
		{3F89E885-798F-4E07-9E40-12488EA7187E}.Release|Any CPU.ActiveCfg = Release|Any CPU
		{3F89E885-798F-4E07-9E40-12488EA7187E}.Release|Any CPU.Build.0 = Release|Any CPU
	EndGlobalSection
	GlobalSection(SolutionProperties) = preSolution
		HideSolutionNode = FALSE
	EndGlobalSection
	GlobalSection(ExtensibilityGlobals) = postSolution
		SolutionGuid = {57867E77-75DF-40C6-AC9A-3310195BC79F}
	EndGlobalSection
EndGlobal
